
Microsoft Visual Studio Solution File, Format Version 12.00
# Visual Studio Version 16
VisualStudioVersion = 16.0.35931.194
MinimumVisualStudioVersion = 10.0.40219.1
Project("{FAE04EC0-301F-11D3-BF4B-00C04F79EFBC}") = "MotorControlTest", "MotorControlTest\MotorControlTest.csproj", "{212A5945-3B50-4A9E-BDDA-0DD54BDA0DD6}"
EndProject
Global
	GlobalSection(SolutionConfigurationPlatforms) = preSolution
		Debug|Any CPU = Debug|Any CPU
		Release|Any CPU = Release|Any CPU
	EndGlobalSection
	GlobalSection(ProjectConfigurationPlatforms) = postSolution
		{212A5945-3B50-4A9E-BDDA-0DD54BDA0DD6}.Debug|Any CPU.ActiveCfg = Debug|Any CPU
		{212A5945-3B50-4A9E-BDDA-0DD54BDA0DD6}.Debug|Any CPU.Build.0 = Debug|Any CPU
		{212A5945-3B50-4A9E-BDDA-0DD54BDA0DD6}.Release|Any CPU.ActiveCfg = Release|Any CPU
		{212A5945-3B50-4A9E-BDDA-0DD54BDA0DD6}.Release|Any CPU.Build.0 = Release|Any CPU
	EndGlobalSection
	GlobalSection(SolutionProperties) = preSolution
		HideSolutionNode = FALSE
	EndGlobalSection
	GlobalSection(ExtensibilityGlobals) = postSolution
		SolutionGuid = {3851771D-C777-4155-BB64-C9F401FC4CBA}
	EndGlobalSection
EndGlobal
